# Generated with dmenv 0.7.0, python 3.6.7, on Linux
git+ssh://git@10.100.0.1/Tanker/ci@1ed01827371f4bbcd0f58ebc04a8cb009d9145a7#egg=ci
async-generator==1.10
atomicwrites==1.2.1
attrs==18.2.0
cffi===1.11.5-tanker1
contextvars==2.3
Faker==1.0.1
idna==2.8
immutables==0.6
importlib-metadata==0.7
more-itertools==4.3.0
mypy==0.650
mypy-extensions==0.4.1
outcome==1.0.0
path.py==11.5.0
pluggy==0.8.0
py==1.7.0
pycparser==2.19
pytest==4.0.1
pytest-asyncio==0.9.0
python-dateutil==2.7.5
six==1.12.0
sniffio==1.0.0
sortedcontainers==2.1.0
text-unidecode==1.2
trio==0.9.0
typed-ast==1.1.0
