# Generated with dmenv 0.10.0, python 3.7.1, on Linux
-e git+ssh://git@tanker.gitlab.local/Tanker/ci@81f57fb0f75359dad5da5bb824011029ec66661b#egg=ci
alabaster==0.7.12
appdirs==1.4.3
astroid==2.1.0
async-generator==1.10
atomicwrites==1.2.1
attrs==18.2.0
Babel==2.6.0
black==18.9b0
bottle==0.12.16
certifi==2018.11.29
cffi===1.11.5-tanker1
chardet==3.0.4
cli-ui==0.9.1
Click==7.0
cmake==3.13.2.post1
colorama==0.3.9
conan==1.8.4
deprecation==2.0.6
distro==1.1.0
docopt==0.6.2
docutils==0.14
Faker==1.0.1
fasteners==0.14.1
flake8-docstrings==1.3.0
flake8-polyfill==1.0.2
flake8==3.6.0
future==0.16.0
ghp-import==0.5.5
idna==2.8
imagesize==1.1.0
importlib-metadata==0.8
isort==4.3.4
Jinja2==2.10
lazy-object-proxy==1.3.1
mandrill-really-maintained==1.2.4
MarkupSafe==1.1.0
mccabe==0.6.1
monotonic==1.5
more-itertools==5.0.0
mypy-extensions==0.4.1
mypy==0.650
ninja==1.8.2.post2
node-semver==0.2.0
outcome==1.0.0
packaging==18.0
patch==1.16
path.py==11.5.0
pip==19.0.1
pluggy==0.8.1
pluginbase==0.7
psutil==5.4.8
py==1.7.0
pycodestyle==2.4.0
pycparser==2.19
pydocstyle==3.0.0
pyflakes==2.0.0
Pygments==2.3.1
PyJWT==1.7.1
pylint==2.2.2
pyparsing==2.3.1
pytest-asyncio==0.10.0
pytest==4.1.1
python-dateutil==2.7.5
python-gitlab==1.7.0
pytz==2018.9
PyYAML==3.13
requests==2.21.0
schema==0.6.8
setuptools==40.7.2
six==1.12.0
sniffio==1.0.0
snowballstemmer==1.2.1
sortedcontainers==2.1.0
Sphinx==1.8.3
sphinxcontrib-trio==1.0.1
sphinxcontrib-websupport==1.1.0
tabulate==0.8.2
tbump==5.0.3
text-unidecode==1.2
toml==0.10.0
tqdm-conan==4.27.0
trio==0.10.0
typed-ast==1.1.2
Unidecode==1.0.23
urllib3==1.24.1
websockets==7.0
wheel==0.32.3
wrapt==1.11.0
zipp==0.3.3
